
Microsoft Visual Studio Solution File, Format Version 12.00
# Visual Studio Version 16
VisualStudioVersion = 16.0.33927.289
MinimumVisualStudioVersion = 10.0.40219.1
Project("{FAE04EC0-301F-11D3-BF4B-00C04F79EFBC}") = "SharpWeb", "SharpWeb\SharpWeb.csproj", "{99292BAC-72B4-4AAB-9E5F-2BC1843C8EA3}"
EndProject
Global
	GlobalSection(SolutionConfigurationPlatforms) = preSolution
		Debug|Any CPU = Debug|Any CPU
		Release|Any CPU = Release|Any CPU
	EndGlobalSection
	GlobalSection(ProjectConfigurationPlatforms) = postSolution
		{99292BAC-72B4-4AAB-9E5F-2BC1843C8EA3}.Debug|Any CPU.ActiveCfg = Debug|Any CPU
		{99292BAC-72B4-4AAB-9E5F-2BC1843C8EA3}.Debug|Any CPU.Build.0 = Debug|Any CPU
		{99292BAC-72B4-4AAB-9E5F-2BC1843C8EA3}.Release|Any CPU.ActiveCfg = Release|Any CPU
		{99292BAC-72B4-4AAB-9E5F-2BC1843C8EA3}.Release|Any CPU.Build.0 = Release|Any CPU
	EndGlobalSection
	GlobalSection(SolutionProperties) = preSolution
		HideSolutionNode = FALSE
	EndGlobalSection
	GlobalSection(ExtensibilityGlobals) = postSolution
		SolutionGuid = {6211D9AE-4889-43E6-A1CE-2C024039EA3C}
	EndGlobalSection
EndGlobal
